// !$*UTF8*$!
{
	archiveVersion = 1;
	classes = {
	};
	objectVersion = 56;
	objects = {

/* Begin PBXBuildFile section */
		2FB3CCF82A97A90B00D4CD37 /* ChuckJokesAppApp.swift in Sources */ = {isa = PBXBuildFile; fileRef = 2FB3CCF72A97A90B00D4CD37 /* ChuckJokesAppApp.swift */; };
		2FB3CCFA2A97A90B00D4CD37 /* ContentView.swift in Sources */ = {isa = PBXBuildFile; fileRef = 2FB3CCF92A97A90B00D4CD37 /* ContentView.swift */; };
		2FB3CCFC2A97A90D00D4CD37 /* Assets.xcassets in Resources */ = {isa = PBXBuildFile; fileRef = 2FB3CCFB2A97A90D00D4CD37 /* Assets.xcassets */; };
		2FB3CCFF2A97A90D00D4CD37 /* Preview Assets.xcassets in Resources */ = {isa = PBXBuildFile; fileRef = 2FB3CCFE2A97A90D00D4CD37 /* Preview Assets.xcassets */; };
		2FB3CD072A97A94500D4CD37 /* Alamofire in Frameworks */ = {isa = PBXBuildFile; productRef = 2FB3CD062A97A94500D4CD37 /* Alamofire */; };
		2FB3CD092A97A9C600D4CD37 /* Joke.swift in Sources */ = {isa = PBXBuildFile; fileRef = 2FB3CD082A97A9C600D4CD37 /* Joke.swift */; };
		2FB3CD0B2A97A9E200D4CD37 /* JokeViewModel.swift in Sources */ = {isa = PBXBuildFile; fileRef = 2FB3CD0A2A97A9E200D4CD37 /* JokeViewModel.swift */; };
/* End PBXBuildFile section */

/* Begin PBXFileReference section */
		2FB3CCF42A97A90B00D4CD37 /* ChuckJokesApp.app */ = {isa = PBXFileReference; explicitFileType = wrapper.application; includeInIndex = 0; path = ChuckJokesApp.app; sourceTree = BUILT_PRODUCTS_DIR; };
		2FB3CCF72A97A90B00D4CD37 /* ChuckJokesAppApp.swift */ = {isa = PBXFileReference; lastKnownFileType = sourcecode.swift; path = ChuckJokesAppApp.swift; sourceTree = "<group>"; };
		2FB3CCF92A97A90B00D4CD37 /* ContentView.swift */ = {isa = PBXFileReference; lastKnownFileType = sourcecode.swift; path = ContentView.swift; sourceTree = "<group>"; };
		2FB3CCFB2A97A90D00D4CD37 /* Assets.xcassets */ = {isa = PBXFileReference; lastKnownFileType = folder.assetcatalog; path = Assets.xcassets; sourceTree = "<group>"; };
		2FB3CCFE2A97A90D00D4CD37 /* Preview Assets.xcassets */ = {isa = PBXFileReference; lastKnownFileType = folder.assetcatalog; path = "Preview Assets.xcassets"; sourceTree = "<group>"; };
		2FB3CD082A97A9C600D4CD37 /* Joke.swift */ = {isa = PBXFileReference; lastKnownFileType = sourcecode.swift; path = Joke.swift; sourceTree = "<group>"; };
		2FB3CD0A2A97A9E200D4CD37 /* JokeViewModel.swift */ = {isa = PBXFileReference; lastKnownFileType = sourcecode.swift; path = JokeViewModel.swift; sourceTree = "<group>"; };
		2FB3CD0C2A97AA9F00D4CD37 /* README.md */ = {isa = PBXFileReference; lastKnownFileType = net.daringfireball.markdown; path = README.md; sourceTree = "<group>"; };
/* End PBXFileReference section */

/* Begin PBXFrameworksBuildPhase section */
		2FB3CCF12A97A90B00D4CD37 /* Frameworks */ = {
			isa = PBXFrameworksBuildPhase;
			buildActionMask = 2147483647;
			files = (
				2FB3CD072A97A94500D4CD37 /* Alamofire in Frameworks */,
			);
			runOnlyForDeploymentPostprocessing = 0;
		};
/* End PBXFrameworksBuildPhase section */

/* Begin PBXGroup section */
		2FB3CCEB2A97A90B00D4CD37 = {
			isa = PBXGroup;
			children = (
				2FB3CD0C2A97AA9F00D4CD37 /* README.md */,
				2FB3CCF62A97A90B00D4CD37 /* ChuckJokesApp */,
				2FB3CCF52A97A90B00D4CD37 /* Products */,
			);
			sourceTree = "<group>";
		};
		2FB3CCF52A97A90B00D4CD37 /* Products */ = {
			isa = PBXGroup;
			children = (
				2FB3CCF42A97A90B00D4CD37 /* ChuckJokesApp.app */,
			);
			name = Products;
			sourceTree = "<group>";
		};
		2FB3CCF62A97A90B00D4CD37 /* ChuckJokesApp */ = {
			isa = PBXGroup;
			children = (
				2FB3CCF72A97A90B00D4CD37 /* ChuckJokesAppApp.swift */,
				2FB3CCF92A97A90B00D4CD37 /* ContentView.swift */,
				2FB3CCFB2A97A90D00D4CD37 /* Assets.xcassets */,
				2FB3CCFD2A97A90D00D4CD37 /* Preview Content */,
				2FB3CD082A97A9C600D4CD37 /* Joke.swift */,
				2FB3CD0A2A97A9E200D4CD37 /* JokeViewModel.swift */,
			);
			path = ChuckJokesApp;
			sourceTree = "<group>";
		};
		2FB3CCFD2A97A90D00D4CD37 /* Preview Content */ = {
			isa = PBXGroup;
			children = (
				2FB3CCFE2A97A90D00D4CD37 /* Preview Assets.xcassets */,
			);
			path = "Preview Content";
			sourceTree = "<group>";
		};
/* End PBXGroup section */

/* Begin PBXNativeTarget section */
		2FB3CCF32A97A90B00D4CD37 /* ChuckJokesApp */ = {
			isa = PBXNativeTarget;
			buildConfigurationList = 2FB3CD022A97A90D00D4CD37 /* Build configuration list for PBXNativeTarget "ChuckJokesApp" */;
			buildPhases = (
				2FB3CCF02A97A90B00D4CD37 /* Sources */,
				2FB3CCF12A97A90B00D4CD37 /* Frameworks */,
				2FB3CCF22A97A90B00D4CD37 /* Resources */,
			);
			buildRules = (
			);
			dependencies = (
			);
			name = ChuckJokesApp;
			packageProductDependencies = (
				2FB3CD062A97A94500D4CD37 /* Alamofire */,
			);
			productName = ChuckJokesApp;
			productReference = 2FB3CCF42A97A90B00D4CD37 /* ChuckJokesApp.app */;
			productType = "com.apple.product-type.application";
		};
/* End PBXNativeTarget section */

/* Begin PBXProject section */
		2FB3CCEC2A97A90B00D4CD37 /* Project object */ = {
			isa = PBXProject;
			attributes = {
				BuildIndependentTargetsInParallel = 1;
				LastSwiftUpdateCheck = 1430;
				LastUpgradeCheck = 1430;
				TargetAttributes = {
					2FB3CCF32A97A90B00D4CD37 = {
						CreatedOnToolsVersion = 14.3.1;
					};
				};
			};
			buildConfigurationList = 2FB3CCEF2A97A90B00D4CD37 /* Build configuration list for PBXProject "ChuckJokesApp" */;
			compatibilityVersion = "Xcode 14.0";
			developmentRegion = en;
			hasScannedForEncodings = 0;
			knownRegions = (
				en,
				Base,
			);
			mainGroup = 2FB3CCEB2A97A90B00D4CD37;
			packageReferences = (
				2FB3CD052A97A94500D4CD37 /* XCRemoteSwiftPackageReference "Alamofire" */,
			);
			productRefGroup = 2FB3CCF52A97A90B00D4CD37 /* Products */;
			projectDirPath = "";
			projectRoot = "";
			targets = (
				2FB3CCF32A97A90B00D4CD37 /* ChuckJokesApp */,
			);
		};
/* End PBXProject section */

/* Begin PBXResourcesBuildPhase section */
		2FB3CCF22A97A90B00D4CD37 /* Resources */ = {
			isa = PBXResourcesBuildPhase;
			buildActionMask = 2147483647;
			files = (
				2FB3CCFF2A97A90D00D4CD37 /* Preview Assets.xcassets in Resources */,
				2FB3CCFC2A97A90D00D4CD37 /* Assets.xcassets in Resources */,
			);
			runOnlyForDeploymentPostprocessing = 0;
		};
/* End PBXResourcesBuildPhase section */

/* Begin PBXSourcesBuildPhase section */
		2FB3CCF02A97A90B00D4CD37 /* Sources */ = {
			isa = PBXSourcesBuildPhase;
			buildActionMask = 2147483647;
			files = (
				2FB3CCFA2A97A90B00D4CD37 /* ContentView.swift in Sources */,
				2FB3CCF82A97A90B00D4CD37 /* ChuckJokesAppApp.swift in Sources */,
				2FB3CD092A97A9C600D4CD37 /* Joke.swift in Sources */,
				2FB3CD0B2A97A9E200D4CD37 /* JokeViewModel.swift in Sources */,
			);
			runOnlyForDeploymentPostprocessing = 0;
		};
/* End PBXSourcesBuildPhase section */

/* Begin XCBuildConfiguration section */
		2FB3CD002A97A90D00D4CD37 /* Debug */ = {
			isa = XCBuildConfiguration;
			buildSettings = {
				ALWAYS_SEARCH_USER_PATHS = NO;
				CLANG_ANALYZER_NONNULL = YES;
				CLANG_ANALYZER_NUMBER_OBJECT_CONVERSION = YES_AGGRESSIVE;
				CLANG_CXX_LANGUAGE_STANDARD = "gnu++20";
				CLANG_ENABLE_MODULES = YES;
				CLANG_ENABLE_OBJC_ARC = YES;
				CLANG_ENABLE_OBJC_WEAK = YES;
				CLANG_WARN_BLOCK_CAPTURE_AUTORELEASING = YES;
				CLANG_WARN_BOOL_CONVERSION = YES;
				CLANG_WARN_COMMA = YES;
				CLANG_WARN_CONSTANT_CONVERSION = YES;
				CLANG_WARN_DEPRECATED_OBJC_IMPLEMENTATIONS = YES;
				CLANG_WARN_DIRECT_OBJC_ISA_USAGE = YES_ERROR;
				CLANG_WARN_DOCUMENTATION_COMMENTS = YES;
				CLANG_WARN_EMPTY_BODY = YES;
				CLANG_WARN_ENUM_CONVERSION = YES;
				CLANG_WARN_INFINITE_RECURSION = YES;
				CLANG_WARN_INT_CONVERSION = YES;
				CLANG_WARN_NON_LITERAL_NULL_CONVERSION = YES;
				CLANG_WARN_OBJC_IMPLICIT_RETAIN_SELF = YES;
				CLANG_WARN_OBJC_LITERAL_CONVERSION = YES;
				CLANG_WARN_OBJC_ROOT_CLASS = YES_ERROR;
				CLANG_WARN_QUOTED_INCLUDE_IN_FRAMEWORK_HEADER = YES;
				CLANG_WARN_RANGE_LOOP_ANALYSIS = YES;
				CLANG_WARN_STRICT_PROTOTYPES = YES;
				CLANG_WARN_SUSPICIOUS_MOVE = YES;
				CLANG_WARN_UNGUARDED_AVAILABILITY = YES_AGGRESSIVE;
				CLANG_WARN_UNREACHABLE_CODE = YES;
				CLANG_WARN__DUPLICATE_METHOD_MATCH = YES;
				COPY_PHASE_STRIP = NO;
				DEBUG_INFORMATION_FORMAT = dwarf;
				ENABLE_STRICT_OBJC_MSGSEND = YES;
				ENABLE_TESTABILITY = YES;
				GCC_C_LANGUAGE_STANDARD = gnu11;
				GCC_DYNAMIC_NO_PIC = NO;
				GCC_NO_COMMON_BLOCKS = YES;
				GCC_OPTIMIZATION_LEVEL = 0;
				GCC_PREPROCESSOR_DEFINITIONS = (
					"DEBUG=1",
					"$(inherited)",
				);
				GCC_WARN_64_TO_32_BIT_CONVERSION = YES;
				GCC_WARN_ABOUT_RETURN_TYPE = YES_ERROR;
				GCC_WARN_UNDECLARED_SELECTOR = YES;
				GCC_WARN_UNINITIALIZED_AUTOS = YES_AGGRESSIVE;
				GCC_WARN_UNUSED_FUNCTION = YES;
				GCC_WARN_UNUSED_VARIABLE = YES;
				IPHONEOS_DEPLOYMENT_TARGET = 16.4;
				MTL_ENABLE_DEBUG_INFO = INCLUDE_SOURCE;
				MTL_FAST_MATH = YES;
				ONLY_ACTIVE_ARCH = YES;
				SDKROOT = iphoneos;
				SWIFT_ACTIVE_COMPILATION_CONDITIONS = DEBUG;
				SWIFT_OPTIMIZATION_LEVEL = "-Onone";
			};
			name = Debug;
		};
		2FB3CD012A97A90D00D4CD37 /* Release */ = {
			isa = XCBuildConfiguration;
			buildSettings = {
				ALWAYS_SEARCH_USER_PATHS = NO;
				CLANG_ANALYZER_NONNULL = YES;
				CLANG_ANALYZER_NUMBER_OBJECT_CONVERSION = YES_AGGRESSIVE;
				CLANG_CXX_LANGUAGE_STANDARD = "gnu++20";
				CLANG_ENABLE_MODULES = YES;
				CLANG_ENABLE_OBJC_ARC = YES;
				CLANG_ENABLE_OBJC_WEAK = YES;
				CLANG_WARN_BLOCK_CAPTURE_AUTORELEASING = YES;
				CLANG_WARN_BOOL_CONVERSION = YES;
				CLANG_WARN_COMMA = YES;
				CLANG_WARN_CONSTANT_CONVERSION = YES;
				CLANG_WARN_DEPRECATED_OBJC_IMPLEMENTATIONS = YES;
				CLANG_WARN_DIRECT_OBJC_ISA_USAGE = YES_ERROR;
				CLANG_WARN_DOCUMENTATION_COMMENTS = YES;
				CLANG_WARN_EMPTY_BODY = YES;
				CLANG_WARN_ENUM_CONVERSION = YES;
				CLANG_WARN_INFINITE_RECURSION = YES;
				CLANG_WARN_INT_CONVERSION = YES;
				CLANG_WARN_NON_LITERAL_NULL_CONVERSION = YES;
				CLANG_WARN_OBJC_IMPLICIT_RETAIN_SELF = YES;
				CLANG_WARN_OBJC_LITERAL_CONVERSION = YES;
				CLANG_WARN_OBJC_ROOT_CLASS = YES_ERROR;
				CLANG_WARN_QUOTED_INCLUDE_IN_FRAMEWORK_HEADER = YES;
				CLANG_WARN_RANGE_LOOP_ANALYSIS = YES;
				CLANG_WARN_STRICT_PROTOTYPES = YES;
				CLANG_WARN_SUSPICIOUS_MOVE = YES;
				CLANG_WARN_UNGUARDED_AVAILABILITY = YES_AGGRESSIVE;
				CLANG_WARN_UNREACHABLE_CODE = YES;
				CLANG_WARN__DUPLICATE_METHOD_MATCH = YES;
				COPY_PHASE_STRIP = NO;
				DEBUG_INFORMATION_FORMAT = "dwarf-with-dsym";
				ENABLE_NS_ASSERTIONS = NO;
				ENABLE_STRICT_OBJC_MSGSEND = YES;
				GCC_C_LANGUAGE_STANDARD = gnu11;
				GCC_NO_COMMON_BLOCKS = YES;
				GCC_WARN_64_TO_32_BIT_CONVERSION = YES;
				GCC_WARN_ABOUT_RETURN_TYPE = YES_ERROR;
				GCC_WARN_UNDECLARED_SELECTOR = YES;
				GCC_WARN_UNINITIALIZED_AUTOS = YES_AGGRESSIVE;
				GCC_WARN_UNUSED_FUNCTION = YES;
				GCC_WARN_UNUSED_VARIABLE = YES;
				IPHONEOS_DEPLOYMENT_TARGET = 16.4;
				MTL_ENABLE_DEBUG_INFO = NO;
				MTL_FAST_MATH = YES;
				SDKROOT = iphoneos;
				SWIFT_COMPILATION_MODE = wholemodule;
				SWIFT_OPTIMIZATION_LEVEL = "-O";
				VALIDATE_PRODUCT = YES;
			};
			name = Release;
		};
		2FB3CD032A97A90D00D4CD37 /* Debug */ = {
			isa = XCBuildConfiguration;
			buildSettings = {
				ASSETCATALOG_COMPILER_APPICON_NAME = AppIcon;
				ASSETCATALOG_COMPILER_GLOBAL_ACCENT_COLOR_NAME = AccentColor;
				CODE_SIGN_STYLE = Automatic;
				CURRENT_PROJECT_VERSION = 1;
				DEVELOPMENT_ASSET_PATHS = "\"ChuckJokesApp/Preview Content\"";
				DEVELOPMENT_TEAM = F684H454M9;
				ENABLE_PREVIEWS = YES;
				GENERATE_INFOPLIST_FILE = YES;
				INFOPLIST_KEY_UIApplicationSceneManifest_Generation = YES;
				INFOPLIST_KEY_UIApplicationSupportsIndirectInputEvents = YES;
				INFOPLIST_KEY_UILaunchScreen_Generation = YES;
				INFOPLIST_KEY_UISupportedInterfaceOrientations_iPad = "UIInterfaceOrientationPortrait UIInterfaceOrientationPortraitUpsideDown UIInterfaceOrientationLandscapeLeft UIInterfaceOrientationLandscapeRight";
				INFOPLIST_KEY_UISupportedInterfaceOrientations_iPhone = "UIInterfaceOrientationPortrait UIInterfaceOrientationLandscapeLeft UIInterfaceOrientationLandscapeRight";
				LD_RUNPATH_SEARCH_PATHS = (
					"$(inherited)",
					"@executable_path/Frameworks",
				);
				MARKETING_VERSION = 1.0;
				PRODUCT_BUNDLE_IDENTIFIER = br.pucpr.developeracademy.ChuckJokesApp;
				PRODUCT_NAME = "$(TARGET_NAME)";
				SWIFT_EMIT_LOC_STRINGS = YES;
				SWIFT_VERSION = 5.0;
				TARGETED_DEVICE_FAMILY = "1,2";
			};
			name = Debug;
		};
		2FB3CD042A97A90D00D4CD37 /* Release */ = {
			isa = XCBuildConfiguration;
			buildSettings = {
				ASSETCATALOG_COMPILER_APPICON_NAME = AppIcon;
				ASSETCATALOG_COMPILER_GLOBAL_ACCENT_COLOR_NAME = AccentColor;
				CODE_SIGN_STYLE = Automatic;
				CURRENT_PROJECT_VERSION = 1;
				DEVELOPMENT_ASSET_PATHS = "\"ChuckJokesApp/Preview Content\"";
				DEVELOPMENT_TEAM = F684H454M9;
				ENABLE_PREVIEWS = YES;
				GENERATE_INFOPLIST_FILE = YES;
				INFOPLIST_KEY_UIApplicationSceneManifest_Generation = YES;
				INFOPLIST_KEY_UIApplicationSupportsIndirectInputEvents = YES;
				INFOPLIST_KEY_UILaunchScreen_Generation = YES;
				INFOPLIST_KEY_UISupportedInterfaceOrientations_iPad = "UIInterfaceOrientationPortrait UIInterfaceOrientationPortraitUpsideDown UIInterfaceOrientationLandscapeLeft UIInterfaceOrientationLandscapeRight";
				INFOPLIST_KEY_UISupportedInterfaceOrientations_iPhone = "UIInterfaceOrientationPortrait UIInterfaceOrientationLandscapeLeft UIInterfaceOrientationLandscapeRight";
				LD_RUNPATH_SEARCH_PATHS = (
					"$(inherited)",
					"@executable_path/Frameworks",
				);
				MARKETING_VERSION = 1.0;
				PRODUCT_BUNDLE_IDENTIFIER = br.pucpr.developeracademy.ChuckJokesApp;
				PRODUCT_NAME = "$(TARGET_NAME)";
				SWIFT_EMIT_LOC_STRINGS = YES;
				SWIFT_VERSION = 5.0;
				TARGETED_DEVICE_FAMILY = "1,2";
			};
			name = Release;
		};
/* End XCBuildConfiguration section */

/* Begin XCConfigurationList section */
		2FB3CCEF2A97A90B00D4CD37 /* Build configuration list for PBXProject "ChuckJokesApp" */ = {
			isa = XCConfigurationList;
			buildConfigurations = (
				2FB3CD002A97A90D00D4CD37 /* Debug */,
				2FB3CD012A97A90D00D4CD37 /* Release */,
			);
			defaultConfigurationIsVisible = 0;
			defaultConfigurationName = Release;
		};
		2FB3CD022A97A90D00D4CD37 /* Build configuration list for PBXNativeTarget "ChuckJokesApp" */ = {
			isa = XCConfigurationList;
			buildConfigurations = (
				2FB3CD032A97A90D00D4CD37 /* Debug */,
				2FB3CD042A97A90D00D4CD37 /* Release */,
			);
			defaultConfigurationIsVisible = 0;
			defaultConfigurationName = Release;
		};
/* End XCConfigurationList section */

/* Begin XCRemoteSwiftPackageReference section */
		2FB3CD052A97A94500D4CD37 /* XCRemoteSwiftPackageReference "Alamofire" */ = {
			isa = XCRemoteSwiftPackageReference;
			repositoryURL = "https://github.com/Alamofire/Alamofire";
			requirement = {
				kind = upToNextMajorVersion;
				minimumVersion = 5.0.0;
			};
		};
/* End XCRemoteSwiftPackageReference section */

/* Begin XCSwiftPackageProductDependency section */
		2FB3CD062A97A94500D4CD37 /* Alamofire */ = {
			isa = XCSwiftPackageProductDependency;
			package = 2FB3CD052A97A94500D4CD37 /* XCRemoteSwiftPackageReference "Alamofire" */;
			productName = Alamofire;
		};
/* End XCSwiftPackageProductDependency section */
	};
	rootObject = 2FB3CCEC2A97A90B00D4CD37 /* Project object */;
}
